
Microsoft Visual Studio Solution File, Format Version 12.00
# Visual Studio Version 16
VisualStudioVersion = 16.0.29503.13
MinimumVisualStudioVersion = 10.0.40219.1
Project("{54435603-DBB4-11D2-8724-00A0C9A8B90C}") = "InstallerTestOT", "InstallerTestOT.vdproj", "{32EFEB36-FC68-4E61-95F6-D0D12ADD21FF}"
EndProject
Global
	GlobalSection(SolutionConfigurationPlatforms) = preSolution
		Debug|Default = Debug|Default
		Release|Default = Release|Default
	EndGlobalSection
	GlobalSection(ProjectConfigurationPlatforms) = postSolution
		{32EFEB36-FC68-4E61-95F6-D0D12ADD21FF}.Debug|Default.ActiveCfg = Debug
		{32EFEB36-FC68-4E61-95F6-D0D12ADD21FF}.Debug|Default.Build.0 = Debug
		{32EFEB36-FC68-4E61-95F6-D0D12ADD21FF}.Release|Default.ActiveCfg = Release
		{32EFEB36-FC68-4E61-95F6-D0D12ADD21FF}.Release|Default.Build.0 = Release
	EndGlobalSection
	GlobalSection(SolutionProperties) = preSolution
		HideSolutionNode = FALSE
	EndGlobalSection
	GlobalSection(ExtensibilityGlobals) = postSolution
		SolutionGuid = {788221F3-AC98-4B6F-BD04-1E8315A902E6}
	EndGlobalSection
EndGlobal
